
Microsoft Visual Studio Solution File, Format Version 12.00
# Visual Studio 15
VisualStudioVersion = 15.0.26124.0
MinimumVisualStudioVersion = 15.0.26124.0
Project("{FAE04EC0-301F-11D3-BF4B-00C04F79EFBC}") = "Crawler", "Crawler\Crawler.csproj", "{D47479F8-A6A7-4B44-A49A-48EE30210A8C}"
EndProject
Project("{FAE04EC0-301F-11D3-BF4B-00C04F79EFBC}") = "Crawler.Tests", "Crawler.Tests\Crawler.Tests.csproj", "{EFD5AF93-2C0E-4C4D-AE60-C89FD7E98226}"
EndProject
Global
	GlobalSection(SolutionConfigurationPlatforms) = preSolution
		Debug|Any CPU = Debug|Any CPU
		Debug|x64 = Debug|x64
		Debug|x86 = Debug|x86
		Release|Any CPU = Release|Any CPU
		Release|x64 = Release|x64
		Release|x86 = Release|x86
	EndGlobalSection
	GlobalSection(SolutionProperties) = preSolution
		HideSolutionNode = FALSE
	EndGlobalSection
	GlobalSection(ProjectConfigurationPlatforms) = postSolution
		{D47479F8-A6A7-4B44-A49A-48EE30210A8C}.Debug|Any CPU.ActiveCfg = Debug|Any CPU
		{D47479F8-A6A7-4B44-A49A-48EE30210A8C}.Debug|Any CPU.Build.0 = Debug|Any CPU
		{D47479F8-A6A7-4B44-A49A-48EE30210A8C}.Debug|x64.ActiveCfg = Debug|Any CPU
		{D47479F8-A6A7-4B44-A49A-48EE30210A8C}.Debug|x64.Build.0 = Debug|Any CPU
		{D47479F8-A6A7-4B44-A49A-48EE30210A8C}.Debug|x86.ActiveCfg = Debug|Any CPU
		{D47479F8-A6A7-4B44-A49A-48EE30210A8C}.Debug|x86.Build.0 = Debug|Any CPU
		{D47479F8-A6A7-4B44-A49A-48EE30210A8C}.Release|Any CPU.ActiveCfg = Release|Any CPU
		{D47479F8-A6A7-4B44-A49A-48EE30210A8C}.Release|Any CPU.Build.0 = Release|Any CPU
		{D47479F8-A6A7-4B44-A49A-48EE30210A8C}.Release|x64.ActiveCfg = Release|Any CPU
		{D47479F8-A6A7-4B44-A49A-48EE30210A8C}.Release|x64.Build.0 = Release|Any CPU
		{D47479F8-A6A7-4B44-A49A-48EE30210A8C}.Release|x86.ActiveCfg = Release|Any CPU
		{D47479F8-A6A7-4B44-A49A-48EE30210A8C}.Release|x86.Build.0 = Release|Any CPU
		{EFD5AF93-2C0E-4C4D-AE60-C89FD7E98226}.Debug|Any CPU.ActiveCfg = Debug|Any CPU
		{EFD5AF93-2C0E-4C4D-AE60-C89FD7E98226}.Debug|Any CPU.Build.0 = Debug|Any CPU
		{EFD5AF93-2C0E-4C4D-AE60-C89FD7E98226}.Debug|x64.ActiveCfg = Debug|Any CPU
		{EFD5AF93-2C0E-4C4D-AE60-C89FD7E98226}.Debug|x64.Build.0 = Debug|Any CPU
		{EFD5AF93-2C0E-4C4D-AE60-C89FD7E98226}.Debug|x86.ActiveCfg = Debug|Any CPU
		{EFD5AF93-2C0E-4C4D-AE60-C89FD7E98226}.Debug|x86.Build.0 = Debug|Any CPU
		{EFD5AF93-2C0E-4C4D-AE60-C89FD7E98226}.Release|Any CPU.ActiveCfg = Release|Any CPU
		{EFD5AF93-2C0E-4C4D-AE60-C89FD7E98226}.Release|Any CPU.Build.0 = Release|Any CPU
		{EFD5AF93-2C0E-4C4D-AE60-C89FD7E98226}.Release|x64.ActiveCfg = Release|Any CPU
		{EFD5AF93-2C0E-4C4D-AE60-C89FD7E98226}.Release|x64.Build.0 = Release|Any CPU
		{EFD5AF93-2C0E-4C4D-AE60-C89FD7E98226}.Release|x86.ActiveCfg = Release|Any CPU
		{EFD5AF93-2C0E-4C4D-AE60-C89FD7E98226}.Release|x86.Build.0 = Release|Any CPU
	EndGlobalSection
EndGlobal
