
Microsoft Visual Studio Solution File, Format Version 12.00
# Visual Studio Version 16
VisualStudioVersion = 16.0.30608.117
MinimumVisualStudioVersion = 15.0.26124.0
Project("{9A19103F-16F7-4668-BE54-9A1E7A4F7556}") = "Crawler.Tests", "Crawler.Tests\Crawler.Tests.csproj", "{EFD5AF93-2C0E-4C4D-AE60-C89FD7E98226}"
EndProject
Project("{9A19103F-16F7-4668-BE54-9A1E7A4F7556}") = "Crawler.API", "Crawler.API\Crawler.API.csproj", "{35AC13B5-0A36-4E55-ACE1-4831840AE56C}"
EndProject
Global
	GlobalSection(SolutionConfigurationPlatforms) = preSolution
		Debug|Any CPU = Debug|Any CPU
		Debug|x64 = Debug|x64
		Debug|x86 = Debug|x86
		Release|Any CPU = Release|Any CPU
		Release|x64 = Release|x64
		Release|x86 = Release|x86
	EndGlobalSection
	GlobalSection(ProjectConfigurationPlatforms) = postSolution
		{EFD5AF93-2C0E-4C4D-AE60-C89FD7E98226}.Debug|Any CPU.ActiveCfg = Debug|Any CPU
		{EFD5AF93-2C0E-4C4D-AE60-C89FD7E98226}.Debug|Any CPU.Build.0 = Debug|Any CPU
		{EFD5AF93-2C0E-4C4D-AE60-C89FD7E98226}.Debug|x64.ActiveCfg = Debug|Any CPU
		{EFD5AF93-2C0E-4C4D-AE60-C89FD7E98226}.Debug|x64.Build.0 = Debug|Any CPU
		{EFD5AF93-2C0E-4C4D-AE60-C89FD7E98226}.Debug|x86.ActiveCfg = Debug|Any CPU
		{EFD5AF93-2C0E-4C4D-AE60-C89FD7E98226}.Debug|x86.Build.0 = Debug|Any CPU
		{EFD5AF93-2C0E-4C4D-AE60-C89FD7E98226}.Release|Any CPU.ActiveCfg = Release|Any CPU
		{EFD5AF93-2C0E-4C4D-AE60-C89FD7E98226}.Release|Any CPU.Build.0 = Release|Any CPU
		{EFD5AF93-2C0E-4C4D-AE60-C89FD7E98226}.Release|x64.ActiveCfg = Release|Any CPU
		{EFD5AF93-2C0E-4C4D-AE60-C89FD7E98226}.Release|x64.Build.0 = Release|Any CPU
		{EFD5AF93-2C0E-4C4D-AE60-C89FD7E98226}.Release|x86.ActiveCfg = Release|Any CPU
		{EFD5AF93-2C0E-4C4D-AE60-C89FD7E98226}.Release|x86.Build.0 = Release|Any CPU
		{35AC13B5-0A36-4E55-ACE1-4831840AE56C}.Debug|Any CPU.ActiveCfg = Debug|Any CPU
		{35AC13B5-0A36-4E55-ACE1-4831840AE56C}.Debug|Any CPU.Build.0 = Debug|Any CPU
		{35AC13B5-0A36-4E55-ACE1-4831840AE56C}.Debug|x64.ActiveCfg = Debug|Any CPU
		{35AC13B5-0A36-4E55-ACE1-4831840AE56C}.Debug|x64.Build.0 = Debug|Any CPU
		{35AC13B5-0A36-4E55-ACE1-4831840AE56C}.Debug|x86.ActiveCfg = Debug|Any CPU
		{35AC13B5-0A36-4E55-ACE1-4831840AE56C}.Debug|x86.Build.0 = Debug|Any CPU
		{35AC13B5-0A36-4E55-ACE1-4831840AE56C}.Release|Any CPU.ActiveCfg = Release|Any CPU
		{35AC13B5-0A36-4E55-ACE1-4831840AE56C}.Release|Any CPU.Build.0 = Release|Any CPU
		{35AC13B5-0A36-4E55-ACE1-4831840AE56C}.Release|x64.ActiveCfg = Release|Any CPU
		{35AC13B5-0A36-4E55-ACE1-4831840AE56C}.Release|x64.Build.0 = Release|Any CPU
		{35AC13B5-0A36-4E55-ACE1-4831840AE56C}.Release|x86.ActiveCfg = Release|Any CPU
		{35AC13B5-0A36-4E55-ACE1-4831840AE56C}.Release|x86.Build.0 = Release|Any CPU
	EndGlobalSection
	GlobalSection(SolutionProperties) = preSolution
		HideSolutionNode = FALSE
	EndGlobalSection
	GlobalSection(ExtensibilityGlobals) = postSolution
		SolutionGuid = {0E032166-11C0-40DE-8792-A3BF5FDAB4BC}
	EndGlobalSection
EndGlobal
